{
  "object": {
    "pins": [
      {
        "package": "Alamofire",
        "repositoryURL": "https://github.com/Alamofire/Alamofire.git",
        "state": {
          "branch": null,
          "revision": "a6241748b5c5f38ca53fa8286788d2f90fa9c666",
          "version": "5.0.0-beta.7"
        }
      },
      {
        "package": "Offenbach",
        "repositoryURL": "git@github.com:MoveUpwards/Offenbach.git",
        "state": {
          "branch": null,
          "revision": "cd543071b769b8e92a5c43c03b5373fd9031e490",
          "version": "1.4.0"
        }
      }
    ]
  },
  "version": 1
}
